// !$*UTF8*$!
{
	archiveVersion = 1;
	classes = {
	};
	objectVersion = 50;
	objects = {

/* Begin PBXFileReference section */
		D369D51D2614C5A400E741EC /* about_us */ = {isa = PBXFileReference; lastKnownFileType = folder; path = about_us; sourceTree = "<group>"; };
		D369D51E2614C5A400E741EC /* README.md */ = {isa = PBXFileReference; lastKnownFileType = net.daringfireball.markdown; path = README.md; sourceTree = "<group>"; };
		D3EAFD932624D1110093BB60 /* .gitattributes */ = {isa = PBXFileReference; lastKnownFileType = text; path = .gitattributes; sourceTree = "<group>"; };
/* End PBXFileReference section */

/* Begin PBXGroup section */
		D369D5162614C4C100E741EC = {
			isa = PBXGroup;
			children = (
				D3EAFD932624D1110093BB60 /* .gitattributes */,
				D369D51D2614C5A400E741EC /* about_us */,
				D369D51E2614C5A400E741EC /* README.md */,
			);
			sourceTree = "<group>";
		};
/* End PBXGroup section */

/* Begin PBXProject section */
		D369D5172614C4C100E741EC /* Project object */ = {
			isa = PBXProject;
			attributes = {
				LastUpgradeCheck = 1240;
			};
			buildConfigurationList = D369D51A2614C4C100E741EC /* Build configuration list for PBXProject "connect" */;
			compatibilityVersion = "Xcode 9.3";
			developmentRegion = en;
			hasScannedForEncodings = 0;
			knownRegions = (
				en,
				Base,
			);
			mainGroup = D369D5162614C4C100E741EC;
			projectDirPath = "";
			projectRoot = "";
			targets = (
			);
		};
/* End PBXProject section */

/* Begin XCBuildConfiguration section */
		D369D51B2614C4C100E741EC /* Debug */ = {
			isa = XCBuildConfiguration;
			buildSettings = {
			};
			name = Debug;
		};
		D369D51C2614C4C100E741EC /* Release */ = {
			isa = XCBuildConfiguration;
			buildSettings = {
			};
			name = Release;
		};
/* End XCBuildConfiguration section */

/* Begin XCConfigurationList section */
		D369D51A2614C4C100E741EC /* Build configuration list for PBXProject "connect" */ = {
			isa = XCConfigurationList;
			buildConfigurations = (
				D369D51B2614C4C100E741EC /* Debug */,
				D369D51C2614C4C100E741EC /* Release */,
			);
			defaultConfigurationIsVisible = 0;
			defaultConfigurationName = Release;
		};
/* End XCConfigurationList section */
	};
	rootObject = D369D5172614C4C100E741EC /* Project object */;
}
